// !$*UTF8*$!
{
	archiveVersion = 1;
	classes = {
	};
	objectVersion = 46;
	objects = {

/* Begin PBXBuildFile section */
		722E98011D35F9F5008BC3DC /* AppDelegate.swift in Sources */ = {isa = PBXBuildFile; fileRef = 722E98001D35F9F5008BC3DC /* AppDelegate.swift */; };
		722E98031D35F9F5008BC3DC /* ViewController.swift in Sources */ = {isa = PBXBuildFile; fileRef = 722E98021D35F9F5008BC3DC /* ViewController.swift */; };
		722E98061D35F9F5008BC3DC /* Main.storyboard in Resources */ = {isa = PBXBuildFile; fileRef = 722E98041D35F9F5008BC3DC /* Main.storyboard */; };
		722E98091D35F9F5008BC3DC /* Protocol.xcdatamodeld in Sources */ = {isa = PBXBuildFile; fileRef = 722E98071D35F9F5008BC3DC /* Protocol.xcdatamodeld */; };
		722E980B1D35F9F5008BC3DC /* Assets.xcassets in Resources */ = {isa = PBXBuildFile; fileRef = 722E980A1D35F9F5008BC3DC /* Assets.xcassets */; };
		722E980E1D35F9F5008BC3DC /* LaunchScreen.storyboard in Resources */ = {isa = PBXBuildFile; fileRef = 722E980C1D35F9F5008BC3DC /* LaunchScreen.storyboard */; };
		722E98181D35FA9F008BC3DC /* ViewController1.swift in Sources */ = {isa = PBXBuildFile; fileRef = 722E98171D35FA9F008BC3DC /* ViewController1.swift */; };
/* End PBXBuildFile section */

/* Begin PBXFileReference section */
		722E97FD1D35F9F5008BC3DC /* Protocol.app */ = {isa = PBXFileReference; explicitFileType = wrapper.application; includeInIndex = 0; path = Protocol.app; sourceTree = BUILT_PRODUCTS_DIR; };
		722E98001D35F9F5008BC3DC /* AppDelegate.swift */ = {isa = PBXFileReference; lastKnownFileType = sourcecode.swift; path = AppDelegate.swift; sourceTree = "<group>"; };
		722E98021D35F9F5008BC3DC /* ViewController.swift */ = {isa = PBXFileReference; lastKnownFileType = sourcecode.swift; path = ViewController.swift; sourceTree = "<group>"; };
		722E98051D35F9F5008BC3DC /* Base */ = {isa = PBXFileReference; lastKnownFileType = file.storyboard; name = Base; path = Base.lproj/Main.storyboard; sourceTree = "<group>"; };
		722E98081D35F9F5008BC3DC /* Protocol.xcdatamodel */ = {isa = PBXFileReference; lastKnownFileType = wrapper.xcdatamodel; path = Protocol.xcdatamodel; sourceTree = "<group>"; };
		722E980A1D35F9F5008BC3DC /* Assets.xcassets */ = {isa = PBXFileReference; lastKnownFileType = folder.assetcatalog; path = Assets.xcassets; sourceTree = "<group>"; };
		722E980D1D35F9F5008BC3DC /* Base */ = {isa = PBXFileReference; lastKnownFileType = file.storyboard; name = Base; path = Base.lproj/LaunchScreen.storyboard; sourceTree = "<group>"; };
		722E980F1D35F9F5008BC3DC /* Info.plist */ = {isa = PBXFileReference; lastKnownFileType = text.plist.xml; path = Info.plist; sourceTree = "<group>"; };
		722E98171D35FA9F008BC3DC /* ViewController1.swift */ = {isa = PBXFileReference; fileEncoding = 4; lastKnownFileType = sourcecode.swift; path = ViewController1.swift; sourceTree = "<group>"; };
/* End PBXFileReference section */

/* Begin PBXFrameworksBuildPhase section */
		722E97FA1D35F9F5008BC3DC /* Frameworks */ = {
			isa = PBXFrameworksBuildPhase;
			buildActionMask = 2147483647;
			files = (
			);
			runOnlyForDeploymentPostprocessing = 0;
		};
/* End PBXFrameworksBuildPhase section */

/* Begin PBXGroup section */
		722E97F41D35F9F5008BC3DC = {
			isa = PBXGroup;
			children = (
				722E97FF1D35F9F5008BC3DC /* Protocol */,
				722E97FE1D35F9F5008BC3DC /* Products */,
			);
			sourceTree = "<group>";
		};
		722E97FE1D35F9F5008BC3DC /* Products */ = {
			isa = PBXGroup;
			children = (
				722E97FD1D35F9F5008BC3DC /* Protocol.app */,
			);
			name = Products;
			sourceTree = "<group>";
		};
		722E97FF1D35F9F5008BC3DC /* Protocol */ = {
			isa = PBXGroup;
			children = (
				722E98001D35F9F5008BC3DC /* AppDelegate.swift */,
				722E98021D35F9F5008BC3DC /* ViewController.swift */,
				722E98171D35FA9F008BC3DC /* ViewController1.swift */,
				722E98041D35F9F5008BC3DC /* Main.storyboard */,
				722E980A1D35F9F5008BC3DC /* Assets.xcassets */,
				722E980C1D35F9F5008BC3DC /* LaunchScreen.storyboard */,
				722E980F1D35F9F5008BC3DC /* Info.plist */,
				722E98071D35F9F5008BC3DC /* Protocol.xcdatamodeld */,
			);
			path = Protocol;
			sourceTree = "<group>";
		};
/* End PBXGroup section */

/* Begin PBXNativeTarget section */
		722E97FC1D35F9F5008BC3DC /* Protocol */ = {
			isa = PBXNativeTarget;
			buildConfigurationList = 722E98121D35F9F5008BC3DC /* Build configuration list for PBXNativeTarget "Protocol" */;
			buildPhases = (
				722E97F91D35F9F5008BC3DC /* Sources */,
				722E97FA1D35F9F5008BC3DC /* Frameworks */,
				722E97FB1D35F9F5008BC3DC /* Resources */,
			);
			buildRules = (
			);
			dependencies = (
			);
			name = Protocol;
			productName = Protocol;
			productReference = 722E97FD1D35F9F5008BC3DC /* Protocol.app */;
			productType = "com.apple.product-type.application";
		};
/* End PBXNativeTarget section */

/* Begin PBXProject section */
		722E97F51D35F9F5008BC3DC /* Project object */ = {
			isa = PBXProject;
			attributes = {
				LastSwiftUpdateCheck = 0730;
				LastUpgradeCheck = 0730;
				ORGANIZATIONNAME = com.mls;
				TargetAttributes = {
					722E97FC1D35F9F5008BC3DC = {
						CreatedOnToolsVersion = 7.3;
					};
				};
			};
			buildConfigurationList = 722E97F81D35F9F5008BC3DC /* Build configuration list for PBXProject "Protocol" */;
			compatibilityVersion = "Xcode 3.2";
			developmentRegion = English;
			hasScannedForEncodings = 0;
			knownRegions = (
				en,
				Base,
			);
			mainGroup = 722E97F41D35F9F5008BC3DC;
			productRefGroup = 722E97FE1D35F9F5008BC3DC /* Products */;
			projectDirPath = "";
			projectRoot = "";
			targets = (
				722E97FC1D35F9F5008BC3DC /* Protocol */,
			);
		};
/* End PBXProject section */

/* Begin PBXResourcesBuildPhase section */
		722E97FB1D35F9F5008BC3DC /* Resources */ = {
			isa = PBXResourcesBuildPhase;
			buildActionMask = 2147483647;
			files = (
				722E980E1D35F9F5008BC3DC /* LaunchScreen.storyboard in Resources */,
				722E980B1D35F9F5008BC3DC /* Assets.xcassets in Resources */,
				722E98061D35F9F5008BC3DC /* Main.storyboard in Resources */,
			);
			runOnlyForDeploymentPostprocessing = 0;
		};
/* End PBXResourcesBuildPhase section */

/* Begin PBXSourcesBuildPhase section */
		722E97F91D35F9F5008BC3DC /* Sources */ = {
			isa = PBXSourcesBuildPhase;
			buildActionMask = 2147483647;
			files = (
				722E98181D35FA9F008BC3DC /* ViewController1.swift in Sources */,
				722E98091D35F9F5008BC3DC /* Protocol.xcdatamodeld in Sources */,
				722E98031D35F9F5008BC3DC /* ViewController.swift in Sources */,
				722E98011D35F9F5008BC3DC /* AppDelegate.swift in Sources */,
			);
			runOnlyForDeploymentPostprocessing = 0;
		};
/* End PBXSourcesBuildPhase section */

/* Begin PBXVariantGroup section */
		722E98041D35F9F5008BC3DC /* Main.storyboard */ = {
			isa = PBXVariantGroup;
			children = (
				722E98051D35F9F5008BC3DC /* Base */,
			);
			name = Main.storyboard;
			sourceTree = "<group>";
		};
		722E980C1D35F9F5008BC3DC /* LaunchScreen.storyboard */ = {
			isa = PBXVariantGroup;
			children = (
				722E980D1D35F9F5008BC3DC /* Base */,
			);
			name = LaunchScreen.storyboard;
			sourceTree = "<group>";
		};
/* End PBXVariantGroup section */

/* Begin XCBuildConfiguration section */
		722E98101D35F9F5008BC3DC /* Debug */ = {
			isa = XCBuildConfiguration;
			buildSettings = {
				ALWAYS_SEARCH_USER_PATHS = NO;
				CLANG_ANALYZER_NONNULL = YES;
				CLANG_CXX_LANGUAGE_STANDARD = "gnu++0x";
				CLANG_CXX_LIBRARY = "libc++";
				CLANG_ENABLE_MODULES = YES;
				CLANG_ENABLE_OBJC_ARC = YES;
				CLANG_WARN_BOOL_CONVERSION = YES;
				CLANG_WARN_CONSTANT_CONVERSION = YES;
				CLANG_WARN_DIRECT_OBJC_ISA_USAGE = YES_ERROR;
				CLANG_WARN_EMPTY_BODY = YES;
				CLANG_WARN_ENUM_CONVERSION = YES;
				CLANG_WARN_INT_CONVERSION = YES;
				CLANG_WARN_OBJC_ROOT_CLASS = YES_ERROR;
				CLANG_WARN_UNREACHABLE_CODE = YES;
				CLANG_WARN__DUPLICATE_METHOD_MATCH = YES;
				"CODE_SIGN_IDENTITY[sdk=iphoneos*]" = "iPhone Developer";
				COPY_PHASE_STRIP = NO;
				DEBUG_INFORMATION_FORMAT = dwarf;
				ENABLE_STRICT_OBJC_MSGSEND = YES;
				ENABLE_TESTABILITY = YES;
				GCC_C_LANGUAGE_STANDARD = gnu99;
				GCC_DYNAMIC_NO_PIC = NO;
				GCC_NO_COMMON_BLOCKS = YES;
				GCC_OPTIMIZATION_LEVEL = 0;
				GCC_PREPROCESSOR_DEFINITIONS = (
					"DEBUG=1",
					"$(inherited)",
				);
				GCC_WARN_64_TO_32_BIT_CONVERSION = YES;
				GCC_WARN_ABOUT_RETURN_TYPE = YES_ERROR;
				GCC_WARN_UNDECLARED_SELECTOR = YES;
				GCC_WARN_UNINITIALIZED_AUTOS = YES_AGGRESSIVE;
				GCC_WARN_UNUSED_FUNCTION = YES;
				GCC_WARN_UNUSED_VARIABLE = YES;
				IPHONEOS_DEPLOYMENT_TARGET = 9.3;
				MTL_ENABLE_DEBUG_INFO = YES;
				ONLY_ACTIVE_ARCH = YES;
				SDKROOT = iphoneos;
				SWIFT_OPTIMIZATION_LEVEL = "-Onone";
				TARGETED_DEVICE_FAMILY = "1,2";
			};
			name = Debug;
		};
		722E98111D35F9F5008BC3DC /* Release */ = {
			isa = XCBuildConfiguration;
			buildSettings = {
				ALWAYS_SEARCH_USER_PATHS = NO;
				CLANG_ANALYZER_NONNULL = YES;
				CLANG_CXX_LANGUAGE_STANDARD = "gnu++0x";
				CLANG_CXX_LIBRARY = "libc++";
				CLANG_ENABLE_MODULES = YES;
				CLANG_ENABLE_OBJC_ARC = YES;
				CLANG_WARN_BOOL_CONVERSION = YES;
				CLANG_WARN_CONSTANT_CONVERSION = YES;
				CLANG_WARN_DIRECT_OBJC_ISA_USAGE = YES_ERROR;
				CLANG_WARN_EMPTY_BODY = YES;
				CLANG_WARN_ENUM_CONVERSION = YES;
				CLANG_WARN_INT_CONVERSION = YES;
				CLANG_WARN_OBJC_ROOT_CLASS = YES_ERROR;
				CLANG_WARN_UNREACHABLE_CODE = YES;
				CLANG_WARN__DUPLICATE_METHOD_MATCH = YES;
				"CODE_SIGN_IDENTITY[sdk=iphoneos*]" = "iPhone Developer";
				COPY_PHASE_STRIP = NO;
				DEBUG_INFORMATION_FORMAT = "dwarf-with-dsym";
				ENABLE_NS_ASSERTIONS = NO;
				ENABLE_STRICT_OBJC_MSGSEND = YES;
				GCC_C_LANGUAGE_STANDARD = gnu99;
				GCC_NO_COMMON_BLOCKS = YES;
				GCC_WARN_64_TO_32_BIT_CONVERSION = YES;
				GCC_WARN_ABOUT_RETURN_TYPE = YES_ERROR;
				GCC_WARN_UNDECLARED_SELECTOR = YES;
				GCC_WARN_UNINITIALIZED_AUTOS = YES_AGGRESSIVE;
				GCC_WARN_UNUSED_FUNCTION = YES;
				GCC_WARN_UNUSED_VARIABLE = YES;
				IPHONEOS_DEPLOYMENT_TARGET = 9.3;
				MTL_ENABLE_DEBUG_INFO = NO;
				SDKROOT = iphoneos;
				TARGETED_DEVICE_FAMILY = "1,2";
				VALIDATE_PRODUCT = YES;
			};
			name = Release;
		};
		722E98131D35F9F5008BC3DC /* Debug */ = {
			isa = XCBuildConfiguration;
			buildSettings = {
				ASSETCATALOG_COMPILER_APPICON_NAME = AppIcon;
				INFOPLIST_FILE = Protocol/Info.plist;
				IPHONEOS_DEPLOYMENT_TARGET = 8.0;
				LD_RUNPATH_SEARCH_PATHS = "$(inherited) @executable_path/Frameworks";
				PRODUCT_BUNDLE_IDENTIFIER = com.mindlogic.app.Protocol;
				PRODUCT_NAME = "$(TARGET_NAME)";
			};
			name = Debug;
		};
		722E98141D35F9F5008BC3DC /* Release */ = {
			isa = XCBuildConfiguration;
			buildSettings = {
				ASSETCATALOG_COMPILER_APPICON_NAME = AppIcon;
				INFOPLIST_FILE = Protocol/Info.plist;
				IPHONEOS_DEPLOYMENT_TARGET = 8.0;
				LD_RUNPATH_SEARCH_PATHS = "$(inherited) @executable_path/Frameworks";
				PRODUCT_BUNDLE_IDENTIFIER = com.mindlogic.app.Protocol;
				PRODUCT_NAME = "$(TARGET_NAME)";
			};
			name = Release;
		};
/* End XCBuildConfiguration section */

/* Begin XCConfigurationList section */
		722E97F81D35F9F5008BC3DC /* Build configuration list for PBXProject "Protocol" */ = {
			isa = XCConfigurationList;
			buildConfigurations = (
				722E98101D35F9F5008BC3DC /* Debug */,
				722E98111D35F9F5008BC3DC /* Release */,
			);
			defaultConfigurationIsVisible = 0;
			defaultConfigurationName = Release;
		};
		722E98121D35F9F5008BC3DC /* Build configuration list for PBXNativeTarget "Protocol" */ = {
			isa = XCConfigurationList;
			buildConfigurations = (
				722E98131D35F9F5008BC3DC /* Debug */,
				722E98141D35F9F5008BC3DC /* Release */,
			);
			defaultConfigurationIsVisible = 0;
		};
/* End XCConfigurationList section */

/* Begin XCVersionGroup section */
		722E98071D35F9F5008BC3DC /* Protocol.xcdatamodeld */ = {
			isa = XCVersionGroup;
			children = (
				722E98081D35F9F5008BC3DC /* Protocol.xcdatamodel */,
			);
			currentVersion = 722E98081D35F9F5008BC3DC /* Protocol.xcdatamodel */;
			path = Protocol.xcdatamodeld;
			sourceTree = "<group>";
			versionGroupType = wrapper.xcdatamodel;
		};
/* End XCVersionGroup section */
	};
	rootObject = 722E97F51D35F9F5008BC3DC /* Project object */;
}
